// !$*UTF8*$!
{
	archiveVersion = 1;
	classes = {
	};
	objectVersion = 56;
	objects = {

/* Begin PBXBuildFile section */
		35D1E5F52A996CCE004C9828 /* App.swift in Sources */ = {isa = PBXBuildFile; fileRef = 35D1E5F42A996CCE004C9828 /* App.swift */; };
		35D1E5F72A996CCE004C9828 /* Persistence.swift in Sources */ = {isa = PBXBuildFile; fileRef = 35D1E5F62A996CCE004C9828 /* Persistence.swift */; };
		35D1E5FA2A996CCE004C9828 /* domestic_church.xcdatamodeld in Sources */ = {isa = PBXBuildFile; fileRef = 35D1E5F82A996CCE004C9828 /* domestic_church.xcdatamodeld */; };
		35D1E5FC2A996CCE004C9828 /* GameplanScreen.swift in Sources */ = {isa = PBXBuildFile; fileRef = 35D1E5FB2A996CCE004C9828 /* GameplanScreen.swift */; };
		35D1E5FE2A996CCF004C9828 /* Assets.xcassets in Resources */ = {isa = PBXBuildFile; fileRef = 35D1E5FD2A996CCF004C9828 /* Assets.xcassets */; };
		35D1E6022A996CCF004C9828 /* Preview Assets.xcassets in Resources */ = {isa = PBXBuildFile; fileRef = 35D1E6012A996CCF004C9828 /* Preview Assets.xcassets */; };
		35D1E60C2A996CCF004C9828 /* domestic_churchTests.swift in Sources */ = {isa = PBXBuildFile; fileRef = 35D1E60B2A996CCF004C9828 /* domestic_churchTests.swift */; };
		35D1E6162A996CCF004C9828 /* domestic_churchUITests.swift in Sources */ = {isa = PBXBuildFile; fileRef = 35D1E6152A996CCF004C9828 /* domestic_churchUITests.swift */; };
		35D1E6182A996CCF004C9828 /* domestic_churchUITestsLaunchTests.swift in Sources */ = {isa = PBXBuildFile; fileRef = 35D1E6172A996CCF004C9828 /* domestic_churchUITestsLaunchTests.swift */; };
		35D1E6282A997148004C9828 /* GameplanSchedule.swift in Sources */ = {isa = PBXBuildFile; fileRef = 35D1E6272A997148004C9828 /* GameplanSchedule.swift */; };
		35D1E6292A997148004C9828 /* GameplanSchedule.swift in Sources */ = {isa = PBXBuildFile; fileRef = 35D1E6272A997148004C9828 /* GameplanSchedule.swift */; };
		35D1E62D2A99823C004C9828 /* RWMRecurrenceRule in Frameworks */ = {isa = PBXBuildFile; productRef = 35D1E62C2A99823C004C9828 /* RWMRecurrenceRule */; };
		35D1E62F2A9985E6004C9828 /* GameplanCard.swift in Sources */ = {isa = PBXBuildFile; fileRef = 35D1E62E2A9985E6004C9828 /* GameplanCard.swift */; };
		35D1E6312A99874F004C9828 /* Gameplan+Extension.swift in Sources */ = {isa = PBXBuildFile; fileRef = 35D1E6302A99874F004C9828 /* Gameplan+Extension.swift */; };
		35D1E6322A99874F004C9828 /* Gameplan+Extension.swift in Sources */ = {isa = PBXBuildFile; fileRef = 35D1E6302A99874F004C9828 /* Gameplan+Extension.swift */; };
		35D1E6352A999099004C9828 /* SystemColors in Frameworks */ = {isa = PBXBuildFile; productRef = 35D1E6342A999099004C9828 /* SystemColors */; };
		35D1E6372A999675004C9828 /* GameplanForm.swift in Sources */ = {isa = PBXBuildFile; fileRef = 35D1E6362A999675004C9828 /* GameplanForm.swift */; };
		35D1E6382A999675004C9828 /* GameplanForm.swift in Sources */ = {isa = PBXBuildFile; fileRef = 35D1E6362A999675004C9828 /* GameplanForm.swift */; };
		35D1E6402A99ACDA004C9828 /* HomeScreen.swift in Sources */ = {isa = PBXBuildFile; fileRef = 35D1E63F2A99ACDA004C9828 /* HomeScreen.swift */; };
		35D1E6412A99ACDA004C9828 /* HomeScreen.swift in Sources */ = {isa = PBXBuildFile; fileRef = 35D1E63F2A99ACDA004C9828 /* HomeScreen.swift */; };
		35D1E6432A99AD35004C9828 /* ActivityCard.swift in Sources */ = {isa = PBXBuildFile; fileRef = 35D1E6422A99AD35004C9828 /* ActivityCard.swift */; };
		35D1E6442A99AD35004C9828 /* ActivityCard.swift in Sources */ = {isa = PBXBuildFile; fileRef = 35D1E6422A99AD35004C9828 /* ActivityCard.swift */; };
/* End PBXBuildFile section */

/* Begin PBXContainerItemProxy section */
		35D1E6082A996CCF004C9828 /* PBXContainerItemProxy */ = {
			isa = PBXContainerItemProxy;
			containerPortal = 35D1E5E92A996CCE004C9828 /* Project object */;
			proxyType = 1;
			remoteGlobalIDString = 35D1E5F02A996CCE004C9828;
			remoteInfo = "domestic-church";
		};
		35D1E6122A996CCF004C9828 /* PBXContainerItemProxy */ = {
			isa = PBXContainerItemProxy;
			containerPortal = 35D1E5E92A996CCE004C9828 /* Project object */;
			proxyType = 1;
			remoteGlobalIDString = 35D1E5F02A996CCE004C9828;
			remoteInfo = "domestic-church";
		};
/* End PBXContainerItemProxy section */

/* Begin PBXFileReference section */
		35D1E5F12A996CCE004C9828 /* domestic-church.app */ = {isa = PBXFileReference; explicitFileType = wrapper.application; includeInIndex = 0; path = "domestic-church.app"; sourceTree = BUILT_PRODUCTS_DIR; };
		35D1E5F42A996CCE004C9828 /* App.swift */ = {isa = PBXFileReference; lastKnownFileType = sourcecode.swift; path = App.swift; sourceTree = "<group>"; };
		35D1E5F62A996CCE004C9828 /* Persistence.swift */ = {isa = PBXFileReference; lastKnownFileType = sourcecode.swift; path = Persistence.swift; sourceTree = "<group>"; };
		35D1E5F92A996CCE004C9828 /* domestic_church.xcdatamodel */ = {isa = PBXFileReference; lastKnownFileType = wrapper.xcdatamodel; path = domestic_church.xcdatamodel; sourceTree = "<group>"; };
		35D1E5FB2A996CCE004C9828 /* GameplanScreen.swift */ = {isa = PBXFileReference; lastKnownFileType = sourcecode.swift; path = GameplanScreen.swift; sourceTree = "<group>"; };
		35D1E5FD2A996CCF004C9828 /* Assets.xcassets */ = {isa = PBXFileReference; lastKnownFileType = folder.assetcatalog; path = Assets.xcassets; sourceTree = "<group>"; };
		35D1E5FF2A996CCF004C9828 /* domestic_church.entitlements */ = {isa = PBXFileReference; lastKnownFileType = text.plist.entitlements; path = domestic_church.entitlements; sourceTree = "<group>"; };
		35D1E6012A996CCF004C9828 /* Preview Assets.xcassets */ = {isa = PBXFileReference; lastKnownFileType = folder.assetcatalog; path = "Preview Assets.xcassets"; sourceTree = "<group>"; };
		35D1E6072A996CCF004C9828 /* domestic-churchTests.xctest */ = {isa = PBXFileReference; explicitFileType = wrapper.cfbundle; includeInIndex = 0; path = "domestic-churchTests.xctest"; sourceTree = BUILT_PRODUCTS_DIR; };
		35D1E60B2A996CCF004C9828 /* domestic_churchTests.swift */ = {isa = PBXFileReference; lastKnownFileType = sourcecode.swift; path = domestic_churchTests.swift; sourceTree = "<group>"; };
		35D1E6112A996CCF004C9828 /* domestic-churchUITests.xctest */ = {isa = PBXFileReference; explicitFileType = wrapper.cfbundle; includeInIndex = 0; path = "domestic-churchUITests.xctest"; sourceTree = BUILT_PRODUCTS_DIR; };
		35D1E6152A996CCF004C9828 /* domestic_churchUITests.swift */ = {isa = PBXFileReference; lastKnownFileType = sourcecode.swift; path = domestic_churchUITests.swift; sourceTree = "<group>"; };
		35D1E6172A996CCF004C9828 /* domestic_churchUITestsLaunchTests.swift */ = {isa = PBXFileReference; lastKnownFileType = sourcecode.swift; path = domestic_churchUITestsLaunchTests.swift; sourceTree = "<group>"; };
		35D1E6272A997148004C9828 /* GameplanSchedule.swift */ = {isa = PBXFileReference; lastKnownFileType = sourcecode.swift; path = GameplanSchedule.swift; sourceTree = "<group>"; };
		35D1E62E2A9985E6004C9828 /* GameplanCard.swift */ = {isa = PBXFileReference; lastKnownFileType = sourcecode.swift; path = GameplanCard.swift; sourceTree = "<group>"; };
		35D1E6302A99874F004C9828 /* Gameplan+Extension.swift */ = {isa = PBXFileReference; lastKnownFileType = sourcecode.swift; path = "Gameplan+Extension.swift"; sourceTree = "<group>"; };
		35D1E6362A999675004C9828 /* GameplanForm.swift */ = {isa = PBXFileReference; lastKnownFileType = sourcecode.swift; path = GameplanForm.swift; sourceTree = "<group>"; };
		35D1E63F2A99ACDA004C9828 /* HomeScreen.swift */ = {isa = PBXFileReference; lastKnownFileType = sourcecode.swift; path = HomeScreen.swift; sourceTree = "<group>"; };
		35D1E6422A99AD35004C9828 /* ActivityCard.swift */ = {isa = PBXFileReference; lastKnownFileType = sourcecode.swift; path = ActivityCard.swift; sourceTree = "<group>"; };
/* End PBXFileReference section */

/* Begin PBXFrameworksBuildPhase section */
		35D1E5EE2A996CCE004C9828 /* Frameworks */ = {
			isa = PBXFrameworksBuildPhase;
			buildActionMask = 2147483647;
			files = (
				35D1E62D2A99823C004C9828 /* RWMRecurrenceRule in Frameworks */,
				35D1E6352A999099004C9828 /* SystemColors in Frameworks */,
			);
			runOnlyForDeploymentPostprocessing = 0;
		};
		35D1E6042A996CCF004C9828 /* Frameworks */ = {
			isa = PBXFrameworksBuildPhase;
			buildActionMask = 2147483647;
			files = (
			);
			runOnlyForDeploymentPostprocessing = 0;
		};
		35D1E60E2A996CCF004C9828 /* Frameworks */ = {
			isa = PBXFrameworksBuildPhase;
			buildActionMask = 2147483647;
			files = (
			);
			runOnlyForDeploymentPostprocessing = 0;
		};
/* End PBXFrameworksBuildPhase section */

/* Begin PBXGroup section */
		35D1E5E82A996CCE004C9828 = {
			isa = PBXGroup;
			children = (
				35D1E5F32A996CCE004C9828 /* domestic-church */,
				35D1E60A2A996CCF004C9828 /* domestic-churchTests */,
				35D1E6142A996CCF004C9828 /* domestic-churchUITests */,
				35D1E5F22A996CCE004C9828 /* Products */,
			);
			sourceTree = "<group>";
		};
		35D1E5F22A996CCE004C9828 /* Products */ = {
			isa = PBXGroup;
			children = (
				35D1E5F12A996CCE004C9828 /* domestic-church.app */,
				35D1E6072A996CCF004C9828 /* domestic-churchTests.xctest */,
				35D1E6112A996CCF004C9828 /* domestic-churchUITests.xctest */,
			);
			name = Products;
			sourceTree = "<group>";
		};
		35D1E5F32A996CCE004C9828 /* domestic-church */ = {
			isa = PBXGroup;
			children = (
				35D1E6262A997121004C9828 /* Data */,
				35D1E6252A99711A004C9828 /* Components */,
				35D1E6242A997106004C9828 /* Screens */,
				35D1E5F42A996CCE004C9828 /* App.swift */,
				35D1E5F62A996CCE004C9828 /* Persistence.swift */,
				35D1E5FD2A996CCF004C9828 /* Assets.xcassets */,
				35D1E5FF2A996CCF004C9828 /* domestic_church.entitlements */,
				35D1E5F82A996CCE004C9828 /* domestic_church.xcdatamodeld */,
				35D1E6002A996CCF004C9828 /* Preview Content */,
			);
			path = "domestic-church";
			sourceTree = "<group>";
		};
		35D1E6002A996CCF004C9828 /* Preview Content */ = {
			isa = PBXGroup;
			children = (
				35D1E6012A996CCF004C9828 /* Preview Assets.xcassets */,
			);
			path = "Preview Content";
			sourceTree = "<group>";
		};
		35D1E60A2A996CCF004C9828 /* domestic-churchTests */ = {
			isa = PBXGroup;
			children = (
				35D1E60B2A996CCF004C9828 /* domestic_churchTests.swift */,
			);
			path = "domestic-churchTests";
			sourceTree = "<group>";
		};
		35D1E6142A996CCF004C9828 /* domestic-churchUITests */ = {
			isa = PBXGroup;
			children = (
				35D1E6152A996CCF004C9828 /* domestic_churchUITests.swift */,
				35D1E6172A996CCF004C9828 /* domestic_churchUITestsLaunchTests.swift */,
			);
			path = "domestic-churchUITests";
			sourceTree = "<group>";
		};
		35D1E6242A997106004C9828 /* Screens */ = {
			isa = PBXGroup;
			children = (
				35D1E5FB2A996CCE004C9828 /* GameplanScreen.swift */,
				35D1E63F2A99ACDA004C9828 /* HomeScreen.swift */,
			);
			path = Screens;
			sourceTree = "<group>";
		};
		35D1E6252A99711A004C9828 /* Components */ = {
			isa = PBXGroup;
			children = (
				35D1E62E2A9985E6004C9828 /* GameplanCard.swift */,
				35D1E6362A999675004C9828 /* GameplanForm.swift */,
				35D1E6422A99AD35004C9828 /* ActivityCard.swift */,
			);
			path = Components;
			sourceTree = "<group>";
		};
		35D1E6262A997121004C9828 /* Data */ = {
			isa = PBXGroup;
			children = (
				35D1E6272A997148004C9828 /* GameplanSchedule.swift */,
				35D1E6302A99874F004C9828 /* Gameplan+Extension.swift */,
			);
			path = Data;
			sourceTree = "<group>";
		};
/* End PBXGroup section */

/* Begin PBXNativeTarget section */
		35D1E5F02A996CCE004C9828 /* domestic-church */ = {
			isa = PBXNativeTarget;
			buildConfigurationList = 35D1E61B2A996CCF004C9828 /* Build configuration list for PBXNativeTarget "domestic-church" */;
			buildPhases = (
				35D1E5ED2A996CCE004C9828 /* Sources */,
				35D1E5EE2A996CCE004C9828 /* Frameworks */,
				35D1E5EF2A996CCE004C9828 /* Resources */,
			);
			buildRules = (
			);
			dependencies = (
			);
			name = "domestic-church";
			packageProductDependencies = (
				35D1E62C2A99823C004C9828 /* RWMRecurrenceRule */,
				35D1E6342A999099004C9828 /* SystemColors */,
			);
			productName = "domestic-church";
			productReference = 35D1E5F12A996CCE004C9828 /* domestic-church.app */;
			productType = "com.apple.product-type.application";
		};
		35D1E6062A996CCF004C9828 /* domestic-churchTests */ = {
			isa = PBXNativeTarget;
			buildConfigurationList = 35D1E61E2A996CCF004C9828 /* Build configuration list for PBXNativeTarget "domestic-churchTests" */;
			buildPhases = (
				35D1E6032A996CCF004C9828 /* Sources */,
				35D1E6042A996CCF004C9828 /* Frameworks */,
				35D1E6052A996CCF004C9828 /* Resources */,
			);
			buildRules = (
			);
			dependencies = (
				35D1E6092A996CCF004C9828 /* PBXTargetDependency */,
			);
			name = "domestic-churchTests";
			productName = "domestic-churchTests";
			productReference = 35D1E6072A996CCF004C9828 /* domestic-churchTests.xctest */;
			productType = "com.apple.product-type.bundle.unit-test";
		};
		35D1E6102A996CCF004C9828 /* domestic-churchUITests */ = {
			isa = PBXNativeTarget;
			buildConfigurationList = 35D1E6212A996CCF004C9828 /* Build configuration list for PBXNativeTarget "domestic-churchUITests" */;
			buildPhases = (
				35D1E60D2A996CCF004C9828 /* Sources */,
				35D1E60E2A996CCF004C9828 /* Frameworks */,
				35D1E60F2A996CCF004C9828 /* Resources */,
			);
			buildRules = (
			);
			dependencies = (
				35D1E6132A996CCF004C9828 /* PBXTargetDependency */,
			);
			name = "domestic-churchUITests";
			productName = "domestic-churchUITests";
			productReference = 35D1E6112A996CCF004C9828 /* domestic-churchUITests.xctest */;
			productType = "com.apple.product-type.bundle.ui-testing";
		};
/* End PBXNativeTarget section */

/* Begin PBXProject section */
		35D1E5E92A996CCE004C9828 /* Project object */ = {
			isa = PBXProject;
			attributes = {
				BuildIndependentTargetsInParallel = 1;
				LastSwiftUpdateCheck = 1430;
				LastUpgradeCheck = 1430;
				TargetAttributes = {
					35D1E5F02A996CCE004C9828 = {
						CreatedOnToolsVersion = 14.3.1;
					};
					35D1E6062A996CCF004C9828 = {
						CreatedOnToolsVersion = 14.3.1;
						TestTargetID = 35D1E5F02A996CCE004C9828;
					};
					35D1E6102A996CCF004C9828 = {
						CreatedOnToolsVersion = 14.3.1;
						TestTargetID = 35D1E5F02A996CCE004C9828;
					};
				};
			};
			buildConfigurationList = 35D1E5EC2A996CCE004C9828 /* Build configuration list for PBXProject "domestic-church" */;
			compatibilityVersion = "Xcode 14.0";
			developmentRegion = en;
			hasScannedForEncodings = 0;
			knownRegions = (
				en,
				Base,
			);
			mainGroup = 35D1E5E82A996CCE004C9828;
			packageReferences = (
				35D1E62B2A99823C004C9828 /* XCRemoteSwiftPackageReference "RWMRecurrenceRule" */,
				35D1E6332A999099004C9828 /* XCRemoteSwiftPackageReference "swiftui-system-colors" */,
			);
			productRefGroup = 35D1E5F22A996CCE004C9828 /* Products */;
			projectDirPath = "";
			projectRoot = "";
			targets = (
				35D1E5F02A996CCE004C9828 /* domestic-church */,
				35D1E6062A996CCF004C9828 /* domestic-churchTests */,
				35D1E6102A996CCF004C9828 /* domestic-churchUITests */,
			);
		};
/* End PBXProject section */

/* Begin PBXResourcesBuildPhase section */
		35D1E5EF2A996CCE004C9828 /* Resources */ = {
			isa = PBXResourcesBuildPhase;
			buildActionMask = 2147483647;
			files = (
				35D1E6022A996CCF004C9828 /* Preview Assets.xcassets in Resources */,
				35D1E5FE2A996CCF004C9828 /* Assets.xcassets in Resources */,
			);
			runOnlyForDeploymentPostprocessing = 0;
		};
		35D1E6052A996CCF004C9828 /* Resources */ = {
			isa = PBXResourcesBuildPhase;
			buildActionMask = 2147483647;
			files = (
			);
			runOnlyForDeploymentPostprocessing = 0;
		};
		35D1E60F2A996CCF004C9828 /* Resources */ = {
			isa = PBXResourcesBuildPhase;
			buildActionMask = 2147483647;
			files = (
			);
			runOnlyForDeploymentPostprocessing = 0;
		};
/* End PBXResourcesBuildPhase section */

/* Begin PBXSourcesBuildPhase section */
		35D1E5ED2A996CCE004C9828 /* Sources */ = {
			isa = PBXSourcesBuildPhase;
			buildActionMask = 2147483647;
			files = (
				35D1E62F2A9985E6004C9828 /* GameplanCard.swift in Sources */,
				35D1E5F52A996CCE004C9828 /* App.swift in Sources */,
				35D1E6282A997148004C9828 /* GameplanSchedule.swift in Sources */,
				35D1E5F72A996CCE004C9828 /* Persistence.swift in Sources */,
				35D1E6432A99AD35004C9828 /* ActivityCard.swift in Sources */,
				35D1E5FC2A996CCE004C9828 /* GameplanScreen.swift in Sources */,
				35D1E6402A99ACDA004C9828 /* HomeScreen.swift in Sources */,
				35D1E6312A99874F004C9828 /* Gameplan+Extension.swift in Sources */,
				35D1E6372A999675004C9828 /* GameplanForm.swift in Sources */,
				35D1E5FA2A996CCE004C9828 /* domestic_church.xcdatamodeld in Sources */,
			);
			runOnlyForDeploymentPostprocessing = 0;
		};
		35D1E6032A996CCF004C9828 /* Sources */ = {
			isa = PBXSourcesBuildPhase;
			buildActionMask = 2147483647;
			files = (
				35D1E6322A99874F004C9828 /* Gameplan+Extension.swift in Sources */,
				35D1E6412A99ACDA004C9828 /* HomeScreen.swift in Sources */,
				35D1E6442A99AD35004C9828 /* ActivityCard.swift in Sources */,
				35D1E60C2A996CCF004C9828 /* domestic_churchTests.swift in Sources */,
				35D1E6382A999675004C9828 /* GameplanForm.swift in Sources */,
				35D1E6292A997148004C9828 /* GameplanSchedule.swift in Sources */,
			);
			runOnlyForDeploymentPostprocessing = 0;
		};
		35D1E60D2A996CCF004C9828 /* Sources */ = {
			isa = PBXSourcesBuildPhase;
			buildActionMask = 2147483647;
			files = (
				35D1E6162A996CCF004C9828 /* domestic_churchUITests.swift in Sources */,
				35D1E6182A996CCF004C9828 /* domestic_churchUITestsLaunchTests.swift in Sources */,
			);
			runOnlyForDeploymentPostprocessing = 0;
		};
/* End PBXSourcesBuildPhase section */

/* Begin PBXTargetDependency section */
		35D1E6092A996CCF004C9828 /* PBXTargetDependency */ = {
			isa = PBXTargetDependency;
			target = 35D1E5F02A996CCE004C9828 /* domestic-church */;
			targetProxy = 35D1E6082A996CCF004C9828 /* PBXContainerItemProxy */;
		};
		35D1E6132A996CCF004C9828 /* PBXTargetDependency */ = {
			isa = PBXTargetDependency;
			target = 35D1E5F02A996CCE004C9828 /* domestic-church */;
			targetProxy = 35D1E6122A996CCF004C9828 /* PBXContainerItemProxy */;
		};
/* End PBXTargetDependency section */

/* Begin XCBuildConfiguration section */
		35D1E6192A996CCF004C9828 /* Debug */ = {
			isa = XCBuildConfiguration;
			buildSettings = {
				ALWAYS_SEARCH_USER_PATHS = NO;
				CLANG_ANALYZER_NONNULL = YES;
				CLANG_ANALYZER_NUMBER_OBJECT_CONVERSION = YES_AGGRESSIVE;
				CLANG_CXX_LANGUAGE_STANDARD = "gnu++20";
				CLANG_ENABLE_MODULES = YES;
				CLANG_ENABLE_OBJC_ARC = YES;
				CLANG_ENABLE_OBJC_WEAK = YES;
				CLANG_WARN_BLOCK_CAPTURE_AUTORELEASING = YES;
				CLANG_WARN_BOOL_CONVERSION = YES;
				CLANG_WARN_COMMA = YES;
				CLANG_WARN_CONSTANT_CONVERSION = YES;
				CLANG_WARN_DEPRECATED_OBJC_IMPLEMENTATIONS = YES;
				CLANG_WARN_DIRECT_OBJC_ISA_USAGE = YES_ERROR;
				CLANG_WARN_DOCUMENTATION_COMMENTS = YES;
				CLANG_WARN_EMPTY_BODY = YES;
				CLANG_WARN_ENUM_CONVERSION = YES;
				CLANG_WARN_INFINITE_RECURSION = YES;
				CLANG_WARN_INT_CONVERSION = YES;
				CLANG_WARN_NON_LITERAL_NULL_CONVERSION = YES;
				CLANG_WARN_OBJC_IMPLICIT_RETAIN_SELF = YES;
				CLANG_WARN_OBJC_LITERAL_CONVERSION = YES;
				CLANG_WARN_OBJC_ROOT_CLASS = YES_ERROR;
				CLANG_WARN_QUOTED_INCLUDE_IN_FRAMEWORK_HEADER = YES;
				CLANG_WARN_RANGE_LOOP_ANALYSIS = YES;
				CLANG_WARN_STRICT_PROTOTYPES = YES;
				CLANG_WARN_SUSPICIOUS_MOVE = YES;
				CLANG_WARN_UNGUARDED_AVAILABILITY = YES_AGGRESSIVE;
				CLANG_WARN_UNREACHABLE_CODE = YES;
				CLANG_WARN__DUPLICATE_METHOD_MATCH = YES;
				COPY_PHASE_STRIP = NO;
				DEBUG_INFORMATION_FORMAT = dwarf;
				ENABLE_STRICT_OBJC_MSGSEND = YES;
				ENABLE_TESTABILITY = YES;
				GCC_C_LANGUAGE_STANDARD = gnu11;
				GCC_DYNAMIC_NO_PIC = NO;
				GCC_NO_COMMON_BLOCKS = YES;
				GCC_OPTIMIZATION_LEVEL = 0;
				GCC_PREPROCESSOR_DEFINITIONS = (
					"DEBUG=1",
					"$(inherited)",
				);
				GCC_WARN_64_TO_32_BIT_CONVERSION = YES;
				GCC_WARN_ABOUT_RETURN_TYPE = YES_ERROR;
				GCC_WARN_UNDECLARED_SELECTOR = YES;
				GCC_WARN_UNINITIALIZED_AUTOS = YES_AGGRESSIVE;
				GCC_WARN_UNUSED_FUNCTION = YES;
				GCC_WARN_UNUSED_VARIABLE = YES;
				MTL_ENABLE_DEBUG_INFO = INCLUDE_SOURCE;
				MTL_FAST_MATH = YES;
				ONLY_ACTIVE_ARCH = YES;
				SWIFT_ACTIVE_COMPILATION_CONDITIONS = DEBUG;
				SWIFT_OPTIMIZATION_LEVEL = "-Onone";
			};
			name = Debug;
		};
		35D1E61A2A996CCF004C9828 /* Release */ = {
			isa = XCBuildConfiguration;
			buildSettings = {
				ALWAYS_SEARCH_USER_PATHS = NO;
				CLANG_ANALYZER_NONNULL = YES;
				CLANG_ANALYZER_NUMBER_OBJECT_CONVERSION = YES_AGGRESSIVE;
				CLANG_CXX_LANGUAGE_STANDARD = "gnu++20";
				CLANG_ENABLE_MODULES = YES;
				CLANG_ENABLE_OBJC_ARC = YES;
				CLANG_ENABLE_OBJC_WEAK = YES;
				CLANG_WARN_BLOCK_CAPTURE_AUTORELEASING = YES;
				CLANG_WARN_BOOL_CONVERSION = YES;
				CLANG_WARN_COMMA = YES;
				CLANG_WARN_CONSTANT_CONVERSION = YES;
				CLANG_WARN_DEPRECATED_OBJC_IMPLEMENTATIONS = YES;
				CLANG_WARN_DIRECT_OBJC_ISA_USAGE = YES_ERROR;
				CLANG_WARN_DOCUMENTATION_COMMENTS = YES;
				CLANG_WARN_EMPTY_BODY = YES;
				CLANG_WARN_ENUM_CONVERSION = YES;
				CLANG_WARN_INFINITE_RECURSION = YES;
				CLANG_WARN_INT_CONVERSION = YES;
				CLANG_WARN_NON_LITERAL_NULL_CONVERSION = YES;
				CLANG_WARN_OBJC_IMPLICIT_RETAIN_SELF = YES;
				CLANG_WARN_OBJC_LITERAL_CONVERSION = YES;
				CLANG_WARN_OBJC_ROOT_CLASS = YES_ERROR;
				CLANG_WARN_QUOTED_INCLUDE_IN_FRAMEWORK_HEADER = YES;
				CLANG_WARN_RANGE_LOOP_ANALYSIS = YES;
				CLANG_WARN_STRICT_PROTOTYPES = YES;
				CLANG_WARN_SUSPICIOUS_MOVE = YES;
				CLANG_WARN_UNGUARDED_AVAILABILITY = YES_AGGRESSIVE;
				CLANG_WARN_UNREACHABLE_CODE = YES;
				CLANG_WARN__DUPLICATE_METHOD_MATCH = YES;
				COPY_PHASE_STRIP = NO;
				DEBUG_INFORMATION_FORMAT = "dwarf-with-dsym";
				ENABLE_NS_ASSERTIONS = NO;
				ENABLE_STRICT_OBJC_MSGSEND = YES;
				GCC_C_LANGUAGE_STANDARD = gnu11;
				GCC_NO_COMMON_BLOCKS = YES;
				GCC_WARN_64_TO_32_BIT_CONVERSION = YES;
				GCC_WARN_ABOUT_RETURN_TYPE = YES_ERROR;
				GCC_WARN_UNDECLARED_SELECTOR = YES;
				GCC_WARN_UNINITIALIZED_AUTOS = YES_AGGRESSIVE;
				GCC_WARN_UNUSED_FUNCTION = YES;
				GCC_WARN_UNUSED_VARIABLE = YES;
				MTL_ENABLE_DEBUG_INFO = NO;
				MTL_FAST_MATH = YES;
				SWIFT_COMPILATION_MODE = wholemodule;
				SWIFT_OPTIMIZATION_LEVEL = "-O";
			};
			name = Release;
		};
		35D1E61C2A996CCF004C9828 /* Debug */ = {
			isa = XCBuildConfiguration;
			buildSettings = {
				ASSETCATALOG_COMPILER_APPICON_NAME = AppIcon;
				ASSETCATALOG_COMPILER_GLOBAL_ACCENT_COLOR_NAME = AccentColor;
				CODE_SIGN_ENTITLEMENTS = "domestic-church/domestic_church.entitlements";
				CODE_SIGN_STYLE = Automatic;
				CURRENT_PROJECT_VERSION = 1;
				DEVELOPMENT_ASSET_PATHS = "\"domestic-church/Preview Content\"";
				DEVELOPMENT_TEAM = 4CUBSV9SX3;
				ENABLE_HARDENED_RUNTIME = YES;
				ENABLE_PREVIEWS = YES;
				GENERATE_INFOPLIST_FILE = YES;
				"INFOPLIST_KEY_UIApplicationSceneManifest_Generation[sdk=iphoneos*]" = YES;
				"INFOPLIST_KEY_UIApplicationSceneManifest_Generation[sdk=iphonesimulator*]" = YES;
				"INFOPLIST_KEY_UIApplicationSupportsIndirectInputEvents[sdk=iphoneos*]" = YES;
				"INFOPLIST_KEY_UIApplicationSupportsIndirectInputEvents[sdk=iphonesimulator*]" = YES;
				"INFOPLIST_KEY_UILaunchScreen_Generation[sdk=iphoneos*]" = YES;
				"INFOPLIST_KEY_UILaunchScreen_Generation[sdk=iphonesimulator*]" = YES;
				"INFOPLIST_KEY_UIStatusBarStyle[sdk=iphoneos*]" = UIStatusBarStyleDefault;
				"INFOPLIST_KEY_UIStatusBarStyle[sdk=iphonesimulator*]" = UIStatusBarStyleDefault;
				INFOPLIST_KEY_UISupportedInterfaceOrientations_iPad = "UIInterfaceOrientationPortrait UIInterfaceOrientationPortraitUpsideDown UIInterfaceOrientationLandscapeLeft UIInterfaceOrientationLandscapeRight";
				INFOPLIST_KEY_UISupportedInterfaceOrientations_iPhone = "UIInterfaceOrientationPortrait UIInterfaceOrientationLandscapeLeft UIInterfaceOrientationLandscapeRight";
				IPHONEOS_DEPLOYMENT_TARGET = 16.4;
				LD_RUNPATH_SEARCH_PATHS = "@executable_path/Frameworks";
				"LD_RUNPATH_SEARCH_PATHS[sdk=macosx*]" = "@executable_path/../Frameworks";
				MACOSX_DEPLOYMENT_TARGET = 13.3;
				MARKETING_VERSION = 1.0;
				PRODUCT_BUNDLE_IDENTIFIER = "com.hennessyevan.domestic-church";
				PRODUCT_NAME = "$(TARGET_NAME)";
				SDKROOT = auto;
				SUPPORTED_PLATFORMS = "iphoneos iphonesimulator macosx";
				SWIFT_EMIT_LOC_STRINGS = YES;
				SWIFT_VERSION = 5.0;
				TARGETED_DEVICE_FAMILY = "1,2";
			};
			name = Debug;
		};
		35D1E61D2A996CCF004C9828 /* Release */ = {
			isa = XCBuildConfiguration;
			buildSettings = {
				ASSETCATALOG_COMPILER_APPICON_NAME = AppIcon;
				ASSETCATALOG_COMPILER_GLOBAL_ACCENT_COLOR_NAME = AccentColor;
				CODE_SIGN_ENTITLEMENTS = "domestic-church/domestic_church.entitlements";
				CODE_SIGN_STYLE = Automatic;
				CURRENT_PROJECT_VERSION = 1;
				DEVELOPMENT_ASSET_PATHS = "\"domestic-church/Preview Content\"";
				DEVELOPMENT_TEAM = 4CUBSV9SX3;
				ENABLE_HARDENED_RUNTIME = YES;
				ENABLE_PREVIEWS = YES;
				GENERATE_INFOPLIST_FILE = YES;
				"INFOPLIST_KEY_UIApplicationSceneManifest_Generation[sdk=iphoneos*]" = YES;
				"INFOPLIST_KEY_UIApplicationSceneManifest_Generation[sdk=iphonesimulator*]" = YES;
				"INFOPLIST_KEY_UIApplicationSupportsIndirectInputEvents[sdk=iphoneos*]" = YES;
				"INFOPLIST_KEY_UIApplicationSupportsIndirectInputEvents[sdk=iphonesimulator*]" = YES;
				"INFOPLIST_KEY_UILaunchScreen_Generation[sdk=iphoneos*]" = YES;
				"INFOPLIST_KEY_UILaunchScreen_Generation[sdk=iphonesimulator*]" = YES;
				"INFOPLIST_KEY_UIStatusBarStyle[sdk=iphoneos*]" = UIStatusBarStyleDefault;
				"INFOPLIST_KEY_UIStatusBarStyle[sdk=iphonesimulator*]" = UIStatusBarStyleDefault;
				INFOPLIST_KEY_UISupportedInterfaceOrientations_iPad = "UIInterfaceOrientationPortrait UIInterfaceOrientationPortraitUpsideDown UIInterfaceOrientationLandscapeLeft UIInterfaceOrientationLandscapeRight";
				INFOPLIST_KEY_UISupportedInterfaceOrientations_iPhone = "UIInterfaceOrientationPortrait UIInterfaceOrientationLandscapeLeft UIInterfaceOrientationLandscapeRight";
				IPHONEOS_DEPLOYMENT_TARGET = 16.4;
				LD_RUNPATH_SEARCH_PATHS = "@executable_path/Frameworks";
				"LD_RUNPATH_SEARCH_PATHS[sdk=macosx*]" = "@executable_path/../Frameworks";
				MACOSX_DEPLOYMENT_TARGET = 13.3;
				MARKETING_VERSION = 1.0;
				PRODUCT_BUNDLE_IDENTIFIER = "com.hennessyevan.domestic-church";
				PRODUCT_NAME = "$(TARGET_NAME)";
				SDKROOT = auto;
				SUPPORTED_PLATFORMS = "iphoneos iphonesimulator macosx";
				SWIFT_EMIT_LOC_STRINGS = YES;
				SWIFT_VERSION = 5.0;
				TARGETED_DEVICE_FAMILY = "1,2";
			};
			name = Release;
		};
		35D1E61F2A996CCF004C9828 /* Debug */ = {
			isa = XCBuildConfiguration;
			buildSettings = {
				ALWAYS_EMBED_SWIFT_STANDARD_LIBRARIES = YES;
				BUNDLE_LOADER = "$(TEST_HOST)";
				CODE_SIGN_STYLE = Automatic;
				CURRENT_PROJECT_VERSION = 1;
				DEVELOPMENT_TEAM = 4CUBSV9SX3;
				GENERATE_INFOPLIST_FILE = YES;
				IPHONEOS_DEPLOYMENT_TARGET = 16.4;
				MACOSX_DEPLOYMENT_TARGET = 13.3;
				MARKETING_VERSION = 1.0;
				PRODUCT_BUNDLE_IDENTIFIER = "com.hennessyevan.domestic-churchTests";
				PRODUCT_NAME = "$(TARGET_NAME)";
				SDKROOT = auto;
				SUPPORTED_PLATFORMS = "iphoneos iphonesimulator macosx";
				SWIFT_EMIT_LOC_STRINGS = NO;
				SWIFT_VERSION = 5.0;
				TARGETED_DEVICE_FAMILY = "1,2";
				TEST_HOST = "$(BUILT_PRODUCTS_DIR)/domestic-church.app/$(BUNDLE_EXECUTABLE_FOLDER_PATH)/domestic-church";
			};
			name = Debug;
		};
		35D1E6202A996CCF004C9828 /* Release */ = {
			isa = XCBuildConfiguration;
			buildSettings = {
				ALWAYS_EMBED_SWIFT_STANDARD_LIBRARIES = YES;
				BUNDLE_LOADER = "$(TEST_HOST)";
				CODE_SIGN_STYLE = Automatic;
				CURRENT_PROJECT_VERSION = 1;
				DEVELOPMENT_TEAM = 4CUBSV9SX3;
				GENERATE_INFOPLIST_FILE = YES;
				IPHONEOS_DEPLOYMENT_TARGET = 16.4;
				MACOSX_DEPLOYMENT_TARGET = 13.3;
				MARKETING_VERSION = 1.0;
				PRODUCT_BUNDLE_IDENTIFIER = "com.hennessyevan.domestic-churchTests";
				PRODUCT_NAME = "$(TARGET_NAME)";
				SDKROOT = auto;
				SUPPORTED_PLATFORMS = "iphoneos iphonesimulator macosx";
				SWIFT_EMIT_LOC_STRINGS = NO;
				SWIFT_VERSION = 5.0;
				TARGETED_DEVICE_FAMILY = "1,2";
				TEST_HOST = "$(BUILT_PRODUCTS_DIR)/domestic-church.app/$(BUNDLE_EXECUTABLE_FOLDER_PATH)/domestic-church";
			};
			name = Release;
		};
		35D1E6222A996CCF004C9828 /* Debug */ = {
			isa = XCBuildConfiguration;
			buildSettings = {
				ALWAYS_EMBED_SWIFT_STANDARD_LIBRARIES = YES;
				CODE_SIGN_STYLE = Automatic;
				CURRENT_PROJECT_VERSION = 1;
				DEVELOPMENT_TEAM = 4CUBSV9SX3;
				GENERATE_INFOPLIST_FILE = YES;
				IPHONEOS_DEPLOYMENT_TARGET = 16.4;
				MACOSX_DEPLOYMENT_TARGET = 13.3;
				MARKETING_VERSION = 1.0;
				PRODUCT_BUNDLE_IDENTIFIER = "com.hennessyevan.domestic-churchUITests";
				PRODUCT_NAME = "$(TARGET_NAME)";
				SDKROOT = auto;
				SUPPORTED_PLATFORMS = "iphoneos iphonesimulator macosx";
				SWIFT_EMIT_LOC_STRINGS = NO;
				SWIFT_VERSION = 5.0;
				TARGETED_DEVICE_FAMILY = "1,2";
				TEST_TARGET_NAME = "domestic-church";
			};
			name = Debug;
		};
		35D1E6232A996CCF004C9828 /* Release */ = {
			isa = XCBuildConfiguration;
			buildSettings = {
				ALWAYS_EMBED_SWIFT_STANDARD_LIBRARIES = YES;
				CODE_SIGN_STYLE = Automatic;
				CURRENT_PROJECT_VERSION = 1;
				DEVELOPMENT_TEAM = 4CUBSV9SX3;
				GENERATE_INFOPLIST_FILE = YES;
				IPHONEOS_DEPLOYMENT_TARGET = 16.4;
				MACOSX_DEPLOYMENT_TARGET = 13.3;
				MARKETING_VERSION = 1.0;
				PRODUCT_BUNDLE_IDENTIFIER = "com.hennessyevan.domestic-churchUITests";
				PRODUCT_NAME = "$(TARGET_NAME)";
				SDKROOT = auto;
				SUPPORTED_PLATFORMS = "iphoneos iphonesimulator macosx";
				SWIFT_EMIT_LOC_STRINGS = NO;
				SWIFT_VERSION = 5.0;
				TARGETED_DEVICE_FAMILY = "1,2";
				TEST_TARGET_NAME = "domestic-church";
			};
			name = Release;
		};
/* End XCBuildConfiguration section */

/* Begin XCConfigurationList section */
		35D1E5EC2A996CCE004C9828 /* Build configuration list for PBXProject "domestic-church" */ = {
			isa = XCConfigurationList;
			buildConfigurations = (
				35D1E6192A996CCF004C9828 /* Debug */,
				35D1E61A2A996CCF004C9828 /* Release */,
			);
			defaultConfigurationIsVisible = 0;
			defaultConfigurationName = Release;
		};
		35D1E61B2A996CCF004C9828 /* Build configuration list for PBXNativeTarget "domestic-church" */ = {
			isa = XCConfigurationList;
			buildConfigurations = (
				35D1E61C2A996CCF004C9828 /* Debug */,
				35D1E61D2A996CCF004C9828 /* Release */,
			);
			defaultConfigurationIsVisible = 0;
			defaultConfigurationName = Release;
		};
		35D1E61E2A996CCF004C9828 /* Build configuration list for PBXNativeTarget "domestic-churchTests" */ = {
			isa = XCConfigurationList;
			buildConfigurations = (
				35D1E61F2A996CCF004C9828 /* Debug */,
				35D1E6202A996CCF004C9828 /* Release */,
			);
			defaultConfigurationIsVisible = 0;
			defaultConfigurationName = Release;
		};
		35D1E6212A996CCF004C9828 /* Build configuration list for PBXNativeTarget "domestic-churchUITests" */ = {
			isa = XCConfigurationList;
			buildConfigurations = (
				35D1E6222A996CCF004C9828 /* Debug */,
				35D1E6232A996CCF004C9828 /* Release */,
			);
			defaultConfigurationIsVisible = 0;
			defaultConfigurationName = Release;
		};
/* End XCConfigurationList section */

/* Begin XCRemoteSwiftPackageReference section */
		35D1E62B2A99823C004C9828 /* XCRemoteSwiftPackageReference "RWMRecurrenceRule" */ = {
			isa = XCRemoteSwiftPackageReference;
			repositoryURL = "https://github.com/alexandre67fr/RWMRecurrenceRule";
			requirement = {
				branch = master;
				kind = branch;
			};
		};
		35D1E6332A999099004C9828 /* XCRemoteSwiftPackageReference "swiftui-system-colors" */ = {
			isa = XCRemoteSwiftPackageReference;
			repositoryURL = "https://github.com/diniska/swiftui-system-colors";
			requirement = {
				kind = upToNextMajorVersion;
				minimumVersion = 1.0.0;
			};
		};
/* End XCRemoteSwiftPackageReference section */

/* Begin XCSwiftPackageProductDependency section */
		35D1E62C2A99823C004C9828 /* RWMRecurrenceRule */ = {
			isa = XCSwiftPackageProductDependency;
			package = 35D1E62B2A99823C004C9828 /* XCRemoteSwiftPackageReference "RWMRecurrenceRule" */;
			productName = RWMRecurrenceRule;
		};
		35D1E6342A999099004C9828 /* SystemColors */ = {
			isa = XCSwiftPackageProductDependency;
			package = 35D1E6332A999099004C9828 /* XCRemoteSwiftPackageReference "swiftui-system-colors" */;
			productName = SystemColors;
		};
/* End XCSwiftPackageProductDependency section */

/* Begin XCVersionGroup section */
		35D1E5F82A996CCE004C9828 /* domestic_church.xcdatamodeld */ = {
			isa = XCVersionGroup;
			children = (
				35D1E5F92A996CCE004C9828 /* domestic_church.xcdatamodel */,
			);
			currentVersion = 35D1E5F92A996CCE004C9828 /* domestic_church.xcdatamodel */;
			path = domestic_church.xcdatamodeld;
			sourceTree = "<group>";
			versionGroupType = wrapper.xcdatamodel;
		};
/* End XCVersionGroup section */
	};
	rootObject = 35D1E5E92A996CCE004C9828 /* Project object */;
}
